Microsoft Visual Studio Solution File, Format Version 12.00
# Visual Studio Version 17
VisualStudioVersion = 17.5.2.0
MinimumVisualStudioVersion = 10.0.40219.1
Project("{FAE04EC0-301F-11D3-BF4B-00C04F79EFBC}") = "ProjectManagerApi", "ProjectManagerApi.csproj", "{D9AC813B-DF2B-D272-26B3-9B04F0F44031}"
EndProject
Global
	GlobalSection(SolutionConfigurationPlatforms) = preSolution
		Debug|Any CPU = Debug|Any CPU
		Release|Any CPU = Release|Any CPU
	EndGlobalSection
	GlobalSection(ProjectConfigurationPlatforms) = postSolution
		{D9AC813B-DF2B-D272-26B3-9B04F0F44031}.Debug|Any CPU.ActiveCfg = Debug|Any CPU
		{D9AC813B-DF2B-D272-26B3-9B04F0F44031}.Debug|Any CPU.Build.0 = Debug|Any CPU
		{D9AC813B-DF2B-D272-26B3-9B04F0F44031}.Release|Any CPU.ActiveCfg = Release|Any CPU
		{D9AC813B-DF2B-D272-26B3-9B04F0F44031}.Release|Any CPU.Build.0 = Release|Any CPU
	EndGlobalSection
	GlobalSection(SolutionProperties) = preSolution
		HideSolutionNode = FALSE
	EndGlobalSection
	GlobalSection(ExtensibilityGlobals) = postSolution
		SolutionGuid = {B29B95C0-350C-462F-B564-EA385E536885}
	EndGlobalSection
EndGlobal
